
Microsoft Visual Studio Solution File, Format Version 12.00
# Visual Studio Version 17
VisualStudioVersion = 17.9.34728.123
MinimumVisualStudioVersion = 10.0.40219.1
Project("{9A19103F-16F7-4668-BE54-9A1E7A4F7556}") = "SrsBsnsChallenge.Server", "SrsBsnsChallenge.Server\SrsBsnsChallenge.Server.csproj", "{2838199E-BF2C-4B8B-91EE-42FA84B405DF}"
EndProject
Project("{54A90642-561A-4BB1-A94E-469ADEE60C69}") = "srsbsnschallenge.client", "srsbsnschallenge.client\srsbsnschallenge.client.esproj", "{2C6C28C4-387D-45AC-95F8-8FAF3232E9EE}"
EndProject
Project("{FAE04EC0-301F-11D3-BF4B-00C04F79EFBC}") = "ContactFormTest", "ContactFormTest\ContactFormTest.csproj", "{B68962C2-A302-47F2-AA5A-AA946D4163B1}"
EndProject
Global
	GlobalSection(SolutionConfigurationPlatforms) = preSolution
		Debug|Any CPU = Debug|Any CPU
		Release|Any CPU = Release|Any CPU
	EndGlobalSection
	GlobalSection(ProjectConfigurationPlatforms) = postSolution
		{2838199E-BF2C-4B8B-91EE-42FA84B405DF}.Debug|Any CPU.ActiveCfg = Debug|Any CPU
		{2838199E-BF2C-4B8B-91EE-42FA84B405DF}.Debug|Any CPU.Build.0 = Debug|Any CPU
		{2838199E-BF2C-4B8B-91EE-42FA84B405DF}.Release|Any CPU.ActiveCfg = Release|Any CPU
		{2838199E-BF2C-4B8B-91EE-42FA84B405DF}.Release|Any CPU.Build.0 = Release|Any CPU
		{2C6C28C4-387D-45AC-95F8-8FAF3232E9EE}.Debug|Any CPU.ActiveCfg = Debug|Any CPU
		{2C6C28C4-387D-45AC-95F8-8FAF3232E9EE}.Debug|Any CPU.Build.0 = Debug|Any CPU
		{2C6C28C4-387D-45AC-95F8-8FAF3232E9EE}.Debug|Any CPU.Deploy.0 = Debug|Any CPU
		{2C6C28C4-387D-45AC-95F8-8FAF3232E9EE}.Release|Any CPU.ActiveCfg = Release|Any CPU
		{2C6C28C4-387D-45AC-95F8-8FAF3232E9EE}.Release|Any CPU.Build.0 = Release|Any CPU
		{2C6C28C4-387D-45AC-95F8-8FAF3232E9EE}.Release|Any CPU.Deploy.0 = Release|Any CPU
		{B68962C2-A302-47F2-AA5A-AA946D4163B1}.Debug|Any CPU.ActiveCfg = Debug|Any CPU
		{B68962C2-A302-47F2-AA5A-AA946D4163B1}.Debug|Any CPU.Build.0 = Debug|Any CPU
		{B68962C2-A302-47F2-AA5A-AA946D4163B1}.Release|Any CPU.ActiveCfg = Release|Any CPU
		{B68962C2-A302-47F2-AA5A-AA946D4163B1}.Release|Any CPU.Build.0 = Release|Any CPU
	EndGlobalSection
	GlobalSection(SolutionProperties) = preSolution
		HideSolutionNode = FALSE
	EndGlobalSection
	GlobalSection(ExtensibilityGlobals) = postSolution
		SolutionGuid = {2152051F-50B6-4DC8-AFAD-C6AF86764A1B}
	EndGlobalSection
EndGlobal
